
Microsoft Visual Studio Solution File, Format Version 12.00
# Visual Studio 14
VisualStudioVersion = 14.0.25420.1
MinimumVisualStudioVersion = 10.0.40219.1
Project("{FAE04EC0-301F-11D3-BF4B-00C04F79EFBC}") = "VisualHelperPackage", "VisualHelperPackage\VisualHelperPackage.csproj", "{554617F4-1489-4173-B48B-6EA1981D9602}"
EndProject
Project("{FAE04EC0-301F-11D3-BF4B-00C04F79EFBC}") = "VisualHelper", "VisualHelper\VisualHelper.csproj", "{B719B7CA-D61B-4D4E-B9EA-4AAC97B03160}"
EndProject
Project("{FAE04EC0-301F-11D3-BF4B-00C04F79EFBC}") = "TestVisualHelper", "TestVisualHelper\TestVisualHelper.csproj", "{49B0BCFD-E9B3-4B70-A044-E6C33858CCC3}"
EndProject
Project("{FAE04EC0-301F-11D3-BF4B-00C04F79EFBC}") = "Toolkit", "Toolkit\Toolkit.csproj", "{4E1BA9C7-ACDD-483A-A4AA-4491B9E8CE4B}"
EndProject
Project("{FAE04EC0-301F-11D3-BF4B-00C04F79EFBC}") = "TestToolkit", "TestToolkit\TestToolkit.csproj", "{F6A5725A-5C5A-4D0C-8493-A18A317901A7}"
EndProject
Global
	GlobalSection(SolutionConfigurationPlatforms) = preSolution
		Debug|Any CPU = Debug|Any CPU
		Release|Any CPU = Release|Any CPU
	EndGlobalSection
	GlobalSection(ProjectConfigurationPlatforms) = postSolution
		{554617F4-1489-4173-B48B-6EA1981D9602}.Debug|Any CPU.ActiveCfg = Debug|Any CPU
		{554617F4-1489-4173-B48B-6EA1981D9602}.Debug|Any CPU.Build.0 = Debug|Any CPU
		{554617F4-1489-4173-B48B-6EA1981D9602}.Release|Any CPU.ActiveCfg = Release|Any CPU
		{554617F4-1489-4173-B48B-6EA1981D9602}.Release|Any CPU.Build.0 = Release|Any CPU
		{B719B7CA-D61B-4D4E-B9EA-4AAC97B03160}.Debug|Any CPU.ActiveCfg = Debug|Any CPU
		{B719B7CA-D61B-4D4E-B9EA-4AAC97B03160}.Debug|Any CPU.Build.0 = Debug|Any CPU
		{B719B7CA-D61B-4D4E-B9EA-4AAC97B03160}.Release|Any CPU.ActiveCfg = Release|Any CPU
		{B719B7CA-D61B-4D4E-B9EA-4AAC97B03160}.Release|Any CPU.Build.0 = Release|Any CPU
		{49B0BCFD-E9B3-4B70-A044-E6C33858CCC3}.Debug|Any CPU.ActiveCfg = Debug|Any CPU
		{49B0BCFD-E9B3-4B70-A044-E6C33858CCC3}.Debug|Any CPU.Build.0 = Debug|Any CPU
		{49B0BCFD-E9B3-4B70-A044-E6C33858CCC3}.Release|Any CPU.ActiveCfg = Release|Any CPU
		{49B0BCFD-E9B3-4B70-A044-E6C33858CCC3}.Release|Any CPU.Build.0 = Release|Any CPU
		{4E1BA9C7-ACDD-483A-A4AA-4491B9E8CE4B}.Debug|Any CPU.ActiveCfg = Debug|Any CPU
		{4E1BA9C7-ACDD-483A-A4AA-4491B9E8CE4B}.Debug|Any CPU.Build.0 = Debug|Any CPU
		{4E1BA9C7-ACDD-483A-A4AA-4491B9E8CE4B}.Release|Any CPU.ActiveCfg = Release|Any CPU
		{4E1BA9C7-ACDD-483A-A4AA-4491B9E8CE4B}.Release|Any CPU.Build.0 = Release|Any CPU
		{F6A5725A-5C5A-4D0C-8493-A18A317901A7}.Debug|Any CPU.ActiveCfg = Debug|Any CPU
		{F6A5725A-5C5A-4D0C-8493-A18A317901A7}.Debug|Any CPU.Build.0 = Debug|Any CPU
		{F6A5725A-5C5A-4D0C-8493-A18A317901A7}.Release|Any CPU.ActiveCfg = Release|Any CPU
		{F6A5725A-5C5A-4D0C-8493-A18A317901A7}.Release|Any CPU.Build.0 = Release|Any CPU
	EndGlobalSection
	GlobalSection(SolutionProperties) = preSolution
		HideSolutionNode = FALSE
	EndGlobalSection
EndGlobal
